
Microsoft Visual Studio Solution File, Format Version 12.00
# Visual Studio Version 17
VisualStudioVersion = 17.0.31903.59
MinimumVisualStudioVersion = 10.0.40219.1
Project("{FAE04EC0-301F-11D3-BF4B-00C04F79EFBC}") = "Daynote.Core", "src\Daynote.Core\Daynote.Core.csproj", "{27CF725A-1D66-43DB-A2C9-1189EEC77816}"
EndProject
Project("{FAE04EC0-301F-11D3-BF4B-00C04F79EFBC}") = "Daynote.Infrastructure", "src\Daynote.Infrastructure\Daynote.Infrastructure.csproj", "{E1E3C2DD-4AC4-4393-90E4-33D955B52446}"
EndProject
Project("{FAE04EC0-301F-11D3-BF4B-00C04F79EFBC}") = "Daynote.App", "src\Daynote.App\Daynote.App.csproj", "{A7A1FCAD-1FC3-4038-A0AB-8C92C5547454}"
EndProject
Project("{FAE04EC0-301F-11D3-BF4B-00C04F79EFBC}") = "Daynote.Core.Tests", "tests\Daynote.Core.Tests\Daynote.Core.Tests.csproj", "{AB9CF25F-AD94-4B12-86B6-EF81CCB6E904}"
EndProject
Project("{FAE04EC0-301F-11D3-BF4B-00C04F79EFBC}") = "Daynote.Infrastructure.Tests", "tests\Daynote.Infrastructure.Tests\Daynote.Infrastructure.Tests.csproj", "{1C2D847F-4EF7-48F6-83F8-E9630EF29376}"
EndProject
Project("{FAE04EC0-301F-11D3-BF4B-00C04F79EFBC}") = "Daynote.App.Tests", "tests\Daynote.App.Tests\Daynote.App.Tests.csproj", "{86D048C5-DC8C-4456-BAB5-4288DAFF9169}"
EndProject
Project("{2150E333-8FDC-42A3-9474-1A3956D46DE8}") = "qa", "qa", "{2DF00CB0-9F1B-7E23-94DA-B0FDF91EFFD3}"
EndProject
Project("{FAE04EC0-301F-11D3-BF4B-00C04F79EFBC}") = "Daynote.UiQa", "qa\Daynote.UiQa\Daynote.UiQa.csproj", "{15479A58-52DA-4603-9DB8-D964ACAEBA43}"
EndProject
Project("{2150E333-8FDC-42A3-9474-1A3956D46DE8}") = "src", "src", "{827E0CD3-B72D-47B6-A68D-7590B98EB39B}"
EndProject
Project("{2150E333-8FDC-42A3-9474-1A3956D46DE8}") = "tests", "tests", "{0AB3BF05-4346-4AA6-1389-037BE0695223}"
EndProject
Project("{FAE04EC0-301F-11D3-BF4B-00C04F79EFBC}") = "Daynote.UiQa.Tests", "tests\Daynote.UiQa.Tests\Daynote.UiQa.Tests.csproj", "{A963BB21-B052-4F6A-8A26-ED3D520D534F}"
EndProject
Project("{FAE04EC0-301F-11D3-BF4B-00C04F79EFBC}") = "Daynote.Infrastructure.Portable.Tests", "tests\Daynote.Infrastructure.Portable.Tests\Daynote.Infrastructure.Portable.Tests.csproj", "{7D4A6C1E-3B2F-4E8A-9C5D-2F1E0B7A6D31}"
EndProject
Project("{FAE04EC0-301F-11D3-BF4B-00C04F79EFBC}") = "Daynote.Desktop", "src\Daynote.Desktop\Daynote.Desktop.csproj", "{5B1E2D9C-7A34-4F0B-8E6D-3C2A1F9B7E40}"
EndProject
Project("{FAE04EC0-301F-11D3-BF4B-00C04F79EFBC}") = "Daynote.Presentation", "src\Daynote.Presentation\Daynote.Presentation.csproj", "{C3F1A8D2-6E4B-4A7C-9B0D-1E2F3A4B5C6D}"
EndProject
Project("{FAE04EC0-301F-11D3-BF4B-00C04F79EFBC}") = "Daynote.Mcp", "src\Daynote.Mcp\Daynote.Mcp.csproj", "{EB038BC3-6F7A-4982-8C43-0E2B8856863F}"
EndProject
Global
	GlobalSection(SolutionConfigurationPlatforms) = preSolution
		Debug|Any CPU = Debug|Any CPU
		Debug|x64 = Debug|x64
		Debug|x86 = Debug|x86
		Release|Any CPU = Release|Any CPU
		Release|x64 = Release|x64
		Release|x86 = Release|x86
	EndGlobalSection
	GlobalSection(ProjectConfigurationPlatforms) = postSolution
		{27CF725A-1D66-43DB-A2C9-1189EEC77816}.Debug|Any CPU.ActiveCfg = Debug|Any CPU
		{27CF725A-1D66-43DB-A2C9-1189EEC77816}.Debug|Any CPU.Build.0 = Debug|Any CPU
		{27CF725A-1D66-43DB-A2C9-1189EEC77816}.Debug|x64.ActiveCfg = Debug|Any CPU
		{27CF725A-1D66-43DB-A2C9-1189EEC77816}.Debug|x64.Build.0 = Debug|Any CPU
		{27CF725A-1D66-43DB-A2C9-1189EEC77816}.Debug|x86.ActiveCfg = Debug|Any CPU
		{27CF725A-1D66-43DB-A2C9-1189EEC77816}.Debug|x86.Build.0 = Debug|Any CPU
		{27CF725A-1D66-43DB-A2C9-1189EEC77816}.Release|Any CPU.ActiveCfg = Release|Any CPU
		{27CF725A-1D66-43DB-A2C9-1189EEC77816}.Release|Any CPU.Build.0 = Release|Any CPU
		{27CF725A-1D66-43DB-A2C9-1189EEC77816}.Release|x64.ActiveCfg = Release|Any CPU
		{27CF725A-1D66-43DB-A2C9-1189EEC77816}.Release|x64.Build.0 = Release|Any CPU
		{27CF725A-1D66-43DB-A2C9-1189EEC77816}.Release|x86.ActiveCfg = Release|Any CPU
		{27CF725A-1D66-43DB-A2C9-1189EEC77816}.Release|x86.Build.0 = Release|Any CPU
		{C3F1A8D2-6E4B-4A7C-9B0D-1E2F3A4B5C6D}.Debug|Any CPU.ActiveCfg = Debug|Any CPU
		{C3F1A8D2-6E4B-4A7C-9B0D-1E2F3A4B5C6D}.Debug|Any CPU.Build.0 = Debug|Any CPU
		{C3F1A8D2-6E4B-4A7C-9B0D-1E2F3A4B5C6D}.Debug|x64.ActiveCfg = Debug|Any CPU
		{C3F1A8D2-6E4B-4A7C-9B0D-1E2F3A4B5C6D}.Debug|x64.Build.0 = Debug|Any CPU
		{C3F1A8D2-6E4B-4A7C-9B0D-1E2F3A4B5C6D}.Debug|x86.ActiveCfg = Debug|Any CPU
		{C3F1A8D2-6E4B-4A7C-9B0D-1E2F3A4B5C6D}.Debug|x86.Build.0 = Debug|Any CPU
		{C3F1A8D2-6E4B-4A7C-9B0D-1E2F3A4B5C6D}.Release|Any CPU.ActiveCfg = Release|Any CPU
		{C3F1A8D2-6E4B-4A7C-9B0D-1E2F3A4B5C6D}.Release|Any CPU.Build.0 = Release|Any CPU
		{C3F1A8D2-6E4B-4A7C-9B0D-1E2F3A4B5C6D}.Release|x64.ActiveCfg = Release|Any CPU
		{C3F1A8D2-6E4B-4A7C-9B0D-1E2F3A4B5C6D}.Release|x64.Build.0 = Release|Any CPU
		{C3F1A8D2-6E4B-4A7C-9B0D-1E2F3A4B5C6D}.Release|x86.ActiveCfg = Release|Any CPU
		{C3F1A8D2-6E4B-4A7C-9B0D-1E2F3A4B5C6D}.Release|x86.Build.0 = Release|Any CPU
		{5B1E2D9C-7A34-4F0B-8E6D-3C2A1F9B7E40}.Debug|Any CPU.ActiveCfg = Debug|Any CPU
		{5B1E2D9C-7A34-4F0B-8E6D-3C2A1F9B7E40}.Debug|Any CPU.Build.0 = Debug|Any CPU
		{5B1E2D9C-7A34-4F0B-8E6D-3C2A1F9B7E40}.Debug|x64.ActiveCfg = Debug|Any CPU
		{5B1E2D9C-7A34-4F0B-8E6D-3C2A1F9B7E40}.Debug|x64.Build.0 = Debug|Any CPU
		{5B1E2D9C-7A34-4F0B-8E6D-3C2A1F9B7E40}.Debug|x86.ActiveCfg = Debug|Any CPU
		{5B1E2D9C-7A34-4F0B-8E6D-3C2A1F9B7E40}.Debug|x86.Build.0 = Debug|Any CPU
		{5B1E2D9C-7A34-4F0B-8E6D-3C2A1F9B7E40}.Release|Any CPU.ActiveCfg = Release|Any CPU
		{5B1E2D9C-7A34-4F0B-8E6D-3C2A1F9B7E40}.Release|Any CPU.Build.0 = Release|Any CPU
		{5B1E2D9C-7A34-4F0B-8E6D-3C2A1F9B7E40}.Release|x64.ActiveCfg = Release|Any CPU
		{5B1E2D9C-7A34-4F0B-8E6D-3C2A1F9B7E40}.Release|x64.Build.0 = Release|Any CPU
		{5B1E2D9C-7A34-4F0B-8E6D-3C2A1F9B7E40}.Release|x86.ActiveCfg = Release|Any CPU
		{5B1E2D9C-7A34-4F0B-8E6D-3C2A1F9B7E40}.Release|x86.Build.0 = Release|Any CPU
		{E1E3C2DD-4AC4-4393-90E4-33D955B52446}.Debug|Any CPU.ActiveCfg = Debug|Any CPU
		{E1E3C2DD-4AC4-4393-90E4-33D955B52446}.Debug|Any CPU.Build.0 = Debug|Any CPU
		{E1E3C2DD-4AC4-4393-90E4-33D955B52446}.Debug|x64.ActiveCfg = Debug|Any CPU
		{E1E3C2DD-4AC4-4393-90E4-33D955B52446}.Debug|x64.Build.0 = Debug|Any CPU
		{E1E3C2DD-4AC4-4393-90E4-33D955B52446}.Debug|x86.ActiveCfg = Debug|Any CPU
		{E1E3C2DD-4AC4-4393-90E4-33D955B52446}.Debug|x86.Build.0 = Debug|Any CPU
		{E1E3C2DD-4AC4-4393-90E4-33D955B52446}.Release|Any CPU.ActiveCfg = Release|Any CPU
		{E1E3C2DD-4AC4-4393-90E4-33D955B52446}.Release|Any CPU.Build.0 = Release|Any CPU
		{E1E3C2DD-4AC4-4393-90E4-33D955B52446}.Release|x64.ActiveCfg = Release|Any CPU
		{E1E3C2DD-4AC4-4393-90E4-33D955B52446}.Release|x64.Build.0 = Release|Any CPU
		{E1E3C2DD-4AC4-4393-90E4-33D955B52446}.Release|x86.ActiveCfg = Release|Any CPU
		{E1E3C2DD-4AC4-4393-90E4-33D955B52446}.Release|x86.Build.0 = Release|Any CPU
		{A7A1FCAD-1FC3-4038-A0AB-8C92C5547454}.Debug|Any CPU.ActiveCfg = Debug|Any CPU
		{A7A1FCAD-1FC3-4038-A0AB-8C92C5547454}.Debug|Any CPU.Build.0 = Debug|Any CPU
		{A7A1FCAD-1FC3-4038-A0AB-8C92C5547454}.Debug|x64.ActiveCfg = Debug|Any CPU
		{A7A1FCAD-1FC3-4038-A0AB-8C92C5547454}.Debug|x64.Build.0 = Debug|Any CPU
		{A7A1FCAD-1FC3-4038-A0AB-8C92C5547454}.Debug|x86.ActiveCfg = Debug|Any CPU
		{A7A1FCAD-1FC3-4038-A0AB-8C92C5547454}.Debug|x86.Build.0 = Debug|Any CPU
		{A7A1FCAD-1FC3-4038-A0AB-8C92C5547454}.Release|Any CPU.ActiveCfg = Release|Any CPU
		{A7A1FCAD-1FC3-4038-A0AB-8C92C5547454}.Release|Any CPU.Build.0 = Release|Any CPU
		{A7A1FCAD-1FC3-4038-A0AB-8C92C5547454}.Release|x64.ActiveCfg = Release|Any CPU
		{A7A1FCAD-1FC3-4038-A0AB-8C92C5547454}.Release|x64.Build.0 = Release|Any CPU
		{A7A1FCAD-1FC3-4038-A0AB-8C92C5547454}.Release|x86.ActiveCfg = Release|Any CPU
		{A7A1FCAD-1FC3-4038-A0AB-8C92C5547454}.Release|x86.Build.0 = Release|Any CPU
		{AB9CF25F-AD94-4B12-86B6-EF81CCB6E904}.Debug|Any CPU.ActiveCfg = Debug|Any CPU
		{AB9CF25F-AD94-4B12-86B6-EF81CCB6E904}.Debug|Any CPU.Build.0 = Debug|Any CPU
		{AB9CF25F-AD94-4B12-86B6-EF81CCB6E904}.Debug|x64.ActiveCfg = Debug|Any CPU
		{AB9CF25F-AD94-4B12-86B6-EF81CCB6E904}.Debug|x64.Build.0 = Debug|Any CPU
		{AB9CF25F-AD94-4B12-86B6-EF81CCB6E904}.Debug|x86.ActiveCfg = Debug|Any CPU
		{AB9CF25F-AD94-4B12-86B6-EF81CCB6E904}.Debug|x86.Build.0 = Debug|Any CPU
		{AB9CF25F-AD94-4B12-86B6-EF81CCB6E904}.Release|Any CPU.ActiveCfg = Release|Any CPU
		{AB9CF25F-AD94-4B12-86B6-EF81CCB6E904}.Release|Any CPU.Build.0 = Release|Any CPU
		{AB9CF25F-AD94-4B12-86B6-EF81CCB6E904}.Release|x64.ActiveCfg = Release|Any CPU
		{AB9CF25F-AD94-4B12-86B6-EF81CCB6E904}.Release|x64.Build.0 = Release|Any CPU
		{AB9CF25F-AD94-4B12-86B6-EF81CCB6E904}.Release|x86.ActiveCfg = Release|Any CPU
		{AB9CF25F-AD94-4B12-86B6-EF81CCB6E904}.Release|x86.Build.0 = Release|Any CPU
		{7D4A6C1E-3B2F-4E8A-9C5D-2F1E0B7A6D31}.Debug|Any CPU.ActiveCfg = Debug|Any CPU
		{7D4A6C1E-3B2F-4E8A-9C5D-2F1E0B7A6D31}.Debug|Any CPU.Build.0 = Debug|Any CPU
		{7D4A6C1E-3B2F-4E8A-9C5D-2F1E0B7A6D31}.Debug|x64.ActiveCfg = Debug|Any CPU
		{7D4A6C1E-3B2F-4E8A-9C5D-2F1E0B7A6D31}.Debug|x64.Build.0 = Debug|Any CPU
		{7D4A6C1E-3B2F-4E8A-9C5D-2F1E0B7A6D31}.Debug|x86.ActiveCfg = Debug|Any CPU
		{7D4A6C1E-3B2F-4E8A-9C5D-2F1E0B7A6D31}.Debug|x86.Build.0 = Debug|Any CPU
		{7D4A6C1E-3B2F-4E8A-9C5D-2F1E0B7A6D31}.Release|Any CPU.ActiveCfg = Release|Any CPU
		{7D4A6C1E-3B2F-4E8A-9C5D-2F1E0B7A6D31}.Release|Any CPU.Build.0 = Release|Any CPU
		{7D4A6C1E-3B2F-4E8A-9C5D-2F1E0B7A6D31}.Release|x64.ActiveCfg = Release|Any CPU
		{7D4A6C1E-3B2F-4E8A-9C5D-2F1E0B7A6D31}.Release|x64.Build.0 = Release|Any CPU
		{7D4A6C1E-3B2F-4E8A-9C5D-2F1E0B7A6D31}.Release|x86.ActiveCfg = Release|Any CPU
		{7D4A6C1E-3B2F-4E8A-9C5D-2F1E0B7A6D31}.Release|x86.Build.0 = Release|Any CPU
		{1C2D847F-4EF7-48F6-83F8-E9630EF29376}.Debug|Any CPU.ActiveCfg = Debug|Any CPU
		{1C2D847F-4EF7-48F6-83F8-E9630EF29376}.Debug|Any CPU.Build.0 = Debug|Any CPU
		{1C2D847F-4EF7-48F6-83F8-E9630EF29376}.Debug|x64.ActiveCfg = Debug|Any CPU
		{1C2D847F-4EF7-48F6-83F8-E9630EF29376}.Debug|x64.Build.0 = Debug|Any CPU
		{1C2D847F-4EF7-48F6-83F8-E9630EF29376}.Debug|x86.ActiveCfg = Debug|Any CPU
		{1C2D847F-4EF7-48F6-83F8-E9630EF29376}.Debug|x86.Build.0 = Debug|Any CPU
		{1C2D847F-4EF7-48F6-83F8-E9630EF29376}.Release|Any CPU.ActiveCfg = Release|Any CPU
		{1C2D847F-4EF7-48F6-83F8-E9630EF29376}.Release|Any CPU.Build.0 = Release|Any CPU
		{1C2D847F-4EF7-48F6-83F8-E9630EF29376}.Release|x64.ActiveCfg = Release|Any CPU
		{1C2D847F-4EF7-48F6-83F8-E9630EF29376}.Release|x64.Build.0 = Release|Any CPU
		{1C2D847F-4EF7-48F6-83F8-E9630EF29376}.Release|x86.ActiveCfg = Release|Any CPU
		{1C2D847F-4EF7-48F6-83F8-E9630EF29376}.Release|x86.Build.0 = Release|Any CPU
		{86D048C5-DC8C-4456-BAB5-4288DAFF9169}.Debug|Any CPU.ActiveCfg = Debug|Any CPU
		{86D048C5-DC8C-4456-BAB5-4288DAFF9169}.Debug|Any CPU.Build.0 = Debug|Any CPU
		{86D048C5-DC8C-4456-BAB5-4288DAFF9169}.Debug|x64.ActiveCfg = Debug|Any CPU
		{86D048C5-DC8C-4456-BAB5-4288DAFF9169}.Debug|x64.Build.0 = Debug|Any CPU
		{86D048C5-DC8C-4456-BAB5-4288DAFF9169}.Debug|x86.ActiveCfg = Debug|Any CPU
		{86D048C5-DC8C-4456-BAB5-4288DAFF9169}.Debug|x86.Build.0 = Debug|Any CPU
		{86D048C5-DC8C-4456-BAB5-4288DAFF9169}.Release|Any CPU.ActiveCfg = Release|Any CPU
		{86D048C5-DC8C-4456-BAB5-4288DAFF9169}.Release|Any CPU.Build.0 = Release|Any CPU
		{86D048C5-DC8C-4456-BAB5-4288DAFF9169}.Release|x64.ActiveCfg = Release|Any CPU
		{86D048C5-DC8C-4456-BAB5-4288DAFF9169}.Release|x64.Build.0 = Release|Any CPU
		{86D048C5-DC8C-4456-BAB5-4288DAFF9169}.Release|x86.ActiveCfg = Release|Any CPU
		{86D048C5-DC8C-4456-BAB5-4288DAFF9169}.Release|x86.Build.0 = Release|Any CPU
		{15479A58-52DA-4603-9DB8-D964ACAEBA43}.Debug|Any CPU.ActiveCfg = Debug|Any CPU
		{15479A58-52DA-4603-9DB8-D964ACAEBA43}.Debug|Any CPU.Build.0 = Debug|Any CPU
		{15479A58-52DA-4603-9DB8-D964ACAEBA43}.Debug|x64.ActiveCfg = Debug|Any CPU
		{15479A58-52DA-4603-9DB8-D964ACAEBA43}.Debug|x64.Build.0 = Debug|Any CPU
		{15479A58-52DA-4603-9DB8-D964ACAEBA43}.Debug|x86.ActiveCfg = Debug|Any CPU
		{15479A58-52DA-4603-9DB8-D964ACAEBA43}.Debug|x86.Build.0 = Debug|Any CPU
		{15479A58-52DA-4603-9DB8-D964ACAEBA43}.Release|Any CPU.ActiveCfg = Release|Any CPU
		{15479A58-52DA-4603-9DB8-D964ACAEBA43}.Release|Any CPU.Build.0 = Release|Any CPU
		{15479A58-52DA-4603-9DB8-D964ACAEBA43}.Release|x64.ActiveCfg = Release|Any CPU
		{15479A58-52DA-4603-9DB8-D964ACAEBA43}.Release|x64.Build.0 = Release|Any CPU
		{15479A58-52DA-4603-9DB8-D964ACAEBA43}.Release|x86.ActiveCfg = Release|Any CPU
		{15479A58-52DA-4603-9DB8-D964ACAEBA43}.Release|x86.Build.0 = Release|Any CPU
		{A963BB21-B052-4F6A-8A26-ED3D520D534F}.Debug|Any CPU.ActiveCfg = Debug|Any CPU
		{A963BB21-B052-4F6A-8A26-ED3D520D534F}.Debug|Any CPU.Build.0 = Debug|Any CPU
		{A963BB21-B052-4F6A-8A26-ED3D520D534F}.Debug|x64.ActiveCfg = Debug|Any CPU
		{A963BB21-B052-4F6A-8A26-ED3D520D534F}.Debug|x64.Build.0 = Debug|Any CPU
		{A963BB21-B052-4F6A-8A26-ED3D520D534F}.Debug|x86.ActiveCfg = Debug|Any CPU
		{A963BB21-B052-4F6A-8A26-ED3D520D534F}.Debug|x86.Build.0 = Debug|Any CPU
		{A963BB21-B052-4F6A-8A26-ED3D520D534F}.Release|Any CPU.ActiveCfg = Release|Any CPU
		{A963BB21-B052-4F6A-8A26-ED3D520D534F}.Release|Any CPU.Build.0 = Release|Any CPU
		{A963BB21-B052-4F6A-8A26-ED3D520D534F}.Release|x64.ActiveCfg = Release|Any CPU
		{A963BB21-B052-4F6A-8A26-ED3D520D534F}.Release|x64.Build.0 = Release|Any CPU
		{A963BB21-B052-4F6A-8A26-ED3D520D534F}.Release|x86.ActiveCfg = Release|Any CPU
		{A963BB21-B052-4F6A-8A26-ED3D520D534F}.Release|x86.Build.0 = Release|Any CPU
		{EB038BC3-6F7A-4982-8C43-0E2B8856863F}.Debug|Any CPU.ActiveCfg = Debug|Any CPU
		{EB038BC3-6F7A-4982-8C43-0E2B8856863F}.Debug|Any CPU.Build.0 = Debug|Any CPU
		{EB038BC3-6F7A-4982-8C43-0E2B8856863F}.Debug|x64.ActiveCfg = Debug|Any CPU
		{EB038BC3-6F7A-4982-8C43-0E2B8856863F}.Debug|x64.Build.0 = Debug|Any CPU
		{EB038BC3-6F7A-4982-8C43-0E2B8856863F}.Debug|x86.ActiveCfg = Debug|Any CPU
		{EB038BC3-6F7A-4982-8C43-0E2B8856863F}.Debug|x86.Build.0 = Debug|Any CPU
		{EB038BC3-6F7A-4982-8C43-0E2B8856863F}.Release|Any CPU.ActiveCfg = Release|Any CPU
		{EB038BC3-6F7A-4982-8C43-0E2B8856863F}.Release|Any CPU.Build.0 = Release|Any CPU
		{EB038BC3-6F7A-4982-8C43-0E2B8856863F}.Release|x64.ActiveCfg = Release|Any CPU
		{EB038BC3-6F7A-4982-8C43-0E2B8856863F}.Release|x64.Build.0 = Release|Any CPU
		{EB038BC3-6F7A-4982-8C43-0E2B8856863F}.Release|x86.ActiveCfg = Release|Any CPU
		{EB038BC3-6F7A-4982-8C43-0E2B8856863F}.Release|x86.Build.0 = Release|Any CPU
	EndGlobalSection
	GlobalSection(SolutionProperties) = preSolution
		HideSolutionNode = FALSE
	EndGlobalSection
	GlobalSection(NestedProjects) = preSolution
		{C3F1A8D2-6E4B-4A7C-9B0D-1E2F3A4B5C6D} = {827E0CD3-B72D-47B6-A68D-7590B98EB39B}
		{5B1E2D9C-7A34-4F0B-8E6D-3C2A1F9B7E40} = {827E0CD3-B72D-47B6-A68D-7590B98EB39B}
		{7D4A6C1E-3B2F-4E8A-9C5D-2F1E0B7A6D31} = {0AB3BF05-4346-4AA6-1389-037BE0695223}
		{15479A58-52DA-4603-9DB8-D964ACAEBA43} = {2DF00CB0-9F1B-7E23-94DA-B0FDF91EFFD3}
		{A963BB21-B052-4F6A-8A26-ED3D520D534F} = {0AB3BF05-4346-4AA6-1389-037BE0695223}
		{EB038BC3-6F7A-4982-8C43-0E2B8856863F} = {827E0CD3-B72D-47B6-A68D-7590B98EB39B}
	EndGlobalSection
EndGlobal
