// !$*UTF8*$!
{
	archiveVersion = 1;
	classes = {
	};
	objectVersion = 77;
	objects = {

/* Begin PBXBuildFile section */
		0A5B9B670EA187B4E8792887 /* GlanceStore.swift in Sources */ = {isa = PBXBuildFile; fileRef = 26D225EAA9835AC9FA3B2FFD /* GlanceStore.swift */; };
		0B43DD727637CC380E13BFA2 /* GlanceStore.swift in Sources */ = {isa = PBXBuildFile; fileRef = 26D225EAA9835AC9FA3B2FFD /* GlanceStore.swift */; };
		199471E6AF36C865A84DA6A9 /* SwiftUI.framework in Frameworks */ = {isa = PBXBuildFile; fileRef = 63402AB67A58C346CD5C3FF8 /* SwiftUI.framework */; };
		348B10ED39AE4BF1AD5FAC5D /* GlanceSnapshot.swift in Sources */ = {isa = PBXBuildFile; fileRef = 69F821568A6B32321647D876 /* GlanceSnapshot.swift */; };
		3AD91C66129C9D57D61739A1 /* WidgetBridge.swift in Sources */ = {isa = PBXBuildFile; fileRef = E458461762E4A63C1C8EAD8D /* WidgetBridge.swift */; };
		3BFA5C5A32F3633D130C4419 /* WidgetViews.swift in Sources */ = {isa = PBXBuildFile; fileRef = C753BEDEBA369A49DF289E73 /* WidgetViews.swift */; };
		3D8B26A264D26216C3E9D62D /* LocalTime.swift in Sources */ = {isa = PBXBuildFile; fileRef = F68FFC149480FD87334DDCC5 /* LocalTime.swift */; };
		848D3133493D1F68306987AA /* GlanceSnapshot.swift in Sources */ = {isa = PBXBuildFile; fileRef = 69F821568A6B32321647D876 /* GlanceSnapshot.swift */; };
		8BF5D6768C3284013ABBFA7B /* WidgetKit.framework in Frameworks */ = {isa = PBXBuildFile; fileRef = A0D08715F866669F718C8F94 /* WidgetKit.framework */; };
		8C401D5226D9C6C7C5244A31 /* LocalTime.swift in Sources */ = {isa = PBXBuildFile; fileRef = F68FFC149480FD87334DDCC5 /* LocalTime.swift */; };
		ADD86D7A2662990A94EF4C5D /* GlanceText.swift in Sources */ = {isa = PBXBuildFile; fileRef = C6B5418349333B5043F48A8A /* GlanceText.swift */; };
		B110714BC65071D8A10083E6 /* main.swift in Sources */ = {isa = PBXBuildFile; fileRef = 284B229D54EFD966FDD2DFA1 /* main.swift */; };
		BFFA4426988D1561CADDEA64 /* Theme.swift in Sources */ = {isa = PBXBuildFile; fileRef = 69DB7DC44CFBC7F80DFA7CFC /* Theme.swift */; };
		C721E937885AA9C1C295406F /* DaynoteWidgets.swift in Sources */ = {isa = PBXBuildFile; fileRef = 0E07405296074A17D71B7CDC /* DaynoteWidgets.swift */; };
		CB91569866C1013F5EE17937 /* Fonts in Resources */ = {isa = PBXBuildFile; fileRef = 9CD566775E37ED88B48A996A /* Fonts */; };
		DACA2032E37B67E9C138F227 /* Theme.swift in Sources */ = {isa = PBXBuildFile; fileRef = 69DB7DC44CFBC7F80DFA7CFC /* Theme.swift */; };
		F8DAE62B04F10BBB85A09F48 /* WidgetViews.swift in Sources */ = {isa = PBXBuildFile; fileRef = C753BEDEBA369A49DF289E73 /* WidgetViews.swift */; };
		FE53E4069146079DCCCF5759 /* daynote-symbol.png in Resources */ = {isa = PBXBuildFile; fileRef = 38398DF274E6111E4B586F2A /* daynote-symbol.png */; };
		FF61577E2DD675BF58097782 /* GlanceText.swift in Sources */ = {isa = PBXBuildFile; fileRef = C6B5418349333B5043F48A8A /* GlanceText.swift */; };
/* End PBXBuildFile section */

/* Begin PBXFileReference section */
		0E07405296074A17D71B7CDC /* DaynoteWidgets.swift */ = {isa = PBXFileReference; lastKnownFileType = sourcecode.swift; path = DaynoteWidgets.swift; sourceTree = "<group>"; };
		1385EA91DC3DD5140ABD070C /* DaynoteWidgets.appex */ = {isa = PBXFileReference; explicitFileType = "wrapper.app-extension"; includeInIndex = 0; path = DaynoteWidgets.appex; sourceTree = BUILT_PRODUCTS_DIR; };
		26D225EAA9835AC9FA3B2FFD /* GlanceStore.swift */ = {isa = PBXFileReference; lastKnownFileType = sourcecode.swift; path = GlanceStore.swift; sourceTree = "<group>"; };
		284B229D54EFD966FDD2DFA1 /* main.swift */ = {isa = PBXFileReference; lastKnownFileType = sourcecode.swift; path = main.swift; sourceTree = "<group>"; };
		38398DF274E6111E4B586F2A /* daynote-symbol.png */ = {isa = PBXFileReference; lastKnownFileType = image.png; path = "daynote-symbol.png"; sourceTree = "<group>"; };
		5D3BA6890DA9799C8DA12898 /* DaynoteWidgets.entitlements */ = {isa = PBXFileReference; lastKnownFileType = text.plist.entitlements; path = DaynoteWidgets.entitlements; sourceTree = "<group>"; };
		63402AB67A58C346CD5C3FF8 /* SwiftUI.framework */ = {isa = PBXFileReference; lastKnownFileType = wrapper.framework; name = SwiftUI.framework; path = System/Library/Frameworks/SwiftUI.framework; sourceTree = SDKROOT; };
		69DB7DC44CFBC7F80DFA7CFC /* Theme.swift */ = {isa = PBXFileReference; lastKnownFileType = sourcecode.swift; path = Theme.swift; sourceTree = "<group>"; };
		69F821568A6B32321647D876 /* GlanceSnapshot.swift */ = {isa = PBXFileReference; lastKnownFileType = sourcecode.swift; path = GlanceSnapshot.swift; sourceTree = "<group>"; };
		85399BD811B380532583EE54 /* DaynoteWidgetBridge.dylib */ = {isa = PBXFileReference; explicitFileType = "compiled.mach-o.dylib"; includeInIndex = 0; path = DaynoteWidgetBridge.dylib; sourceTree = BUILT_PRODUCTS_DIR; };
		8D55717E907FF3C0BBB0DB50 /* DaynoteWidgetPreviews */ = {isa = PBXFileReference; includeInIndex = 0; path = DaynoteWidgetPreviews; sourceTree = BUILT_PRODUCTS_DIR; };
		9CD566775E37ED88B48A996A /* Fonts */ = {isa = PBXFileReference; lastKnownFileType = folder; name = Fonts; path = ../../src/Daynote.Desktop/Assets/Fonts; sourceTree = SOURCE_ROOT; };
		A0D08715F866669F718C8F94 /* WidgetKit.framework */ = {isa = PBXFileReference; lastKnownFileType = wrapper.framework; name = WidgetKit.framework; path = System/Library/Frameworks/WidgetKit.framework; sourceTree = SDKROOT; };
		A4348E41839C729A0AA83534 /* Info.plist */ = {isa = PBXFileReference; lastKnownFileType = text.plist; path = Info.plist; sourceTree = "<group>"; };
		C6B5418349333B5043F48A8A /* GlanceText.swift */ = {isa = PBXFileReference; lastKnownFileType = sourcecode.swift; path = GlanceText.swift; sourceTree = "<group>"; };
		C753BEDEBA369A49DF289E73 /* WidgetViews.swift */ = {isa = PBXFileReference; lastKnownFileType = sourcecode.swift; path = WidgetViews.swift; sourceTree = "<group>"; };
		E458461762E4A63C1C8EAD8D /* WidgetBridge.swift */ = {isa = PBXFileReference; lastKnownFileType = sourcecode.swift; path = WidgetBridge.swift; sourceTree = "<group>"; };
		F68FFC149480FD87334DDCC5 /* LocalTime.swift */ = {isa = PBXFileReference; lastKnownFileType = sourcecode.swift; path = LocalTime.swift; sourceTree = "<group>"; };
/* End PBXFileReference section */

/* Begin PBXFrameworksBuildPhase section */
		2B4EAAFE96D0093E6FE592C9 /* Frameworks */ = {
			isa = PBXFrameworksBuildPhase;
			buildActionMask = 2147483647;
			files = (
				8BF5D6768C3284013ABBFA7B /* WidgetKit.framework in Frameworks */,
				199471E6AF36C865A84DA6A9 /* SwiftUI.framework in Frameworks */,
			);
			runOnlyForDeploymentPostprocessing = 0;
		};
/* End PBXFrameworksBuildPhase section */

/* Begin PBXGroup section */
		31B1209E9F7A5663B61E61B0 /* Resources */ = {
			isa = PBXGroup;
			children = (
				38398DF274E6111E4B586F2A /* daynote-symbol.png */,
			);
			path = Resources;
			sourceTree = "<group>";
		};
		343E844F546C0B63B33F9C8B /* Products */ = {
			isa = PBXGroup;
			children = (
				85399BD811B380532583EE54 /* DaynoteWidgetBridge.dylib */,
				8D55717E907FF3C0BBB0DB50 /* DaynoteWidgetPreviews */,
				1385EA91DC3DD5140ABD070C /* DaynoteWidgets.appex */,
			);
			name = Products;
			sourceTree = "<group>";
		};
		3443D4B0364921283571399C /* Shared */ = {
			isa = PBXGroup;
			children = (
				AF48F5610085C0C1D16ED7F5 /* Model */,
			);
			path = Shared;
			sourceTree = "<group>";
		};
		34C23BF900A6CBC9122D7123 /* native */ = {
			isa = PBXGroup;
			children = (
				FC081311433155CA5F1AD95C /* apple */,
			);
			name = native;
			path = ..;
			sourceTree = "<group>";
		};
		470D7D0F45EF90E3F82D5199 /* Assets */ = {
			isa = PBXGroup;
			children = (
				9CD566775E37ED88B48A996A /* Fonts */,
			);
			path = Assets;
			sourceTree = "<group>";
		};
		5D8C7170E5A950106C801CAD /* Frameworks */ = {
			isa = PBXGroup;
			children = (
				63402AB67A58C346CD5C3FF8 /* SwiftUI.framework */,
				A0D08715F866669F718C8F94 /* WidgetKit.framework */,
			);
			name = Frameworks;
			sourceTree = "<group>";
		};
		8519B4F3EA4A81B86C72A7F8 /* Daynote.Desktop */ = {
			isa = PBXGroup;
			children = (
				470D7D0F45EF90E3F82D5199 /* Assets */,
			);
			path = Daynote.Desktop;
			sourceTree = "<group>";
		};
		981322800B4B14B6B2720D35 /* Bridge */ = {
			isa = PBXGroup;
			children = (
				E458461762E4A63C1C8EAD8D /* WidgetBridge.swift */,
			);
			path = Bridge;
			sourceTree = "<group>";
		};
		99375EE1AB9E59AB532CC3B8 /* src */ = {
			isa = PBXGroup;
			children = (
				8519B4F3EA4A81B86C72A7F8 /* Daynote.Desktop */,
			);
			path = src;
			sourceTree = "<group>";
		};
		9CA4C28DAD2F76FC1AE401AF /* mac-widgets */ = {
			isa = PBXGroup;
			children = (
				99375EE1AB9E59AB532CC3B8 /* src */,
			);
			name = "mac-widgets";
			path = ../..;
			sourceTree = "<group>";
		};
		AF48F5610085C0C1D16ED7F5 /* Model */ = {
			isa = PBXGroup;
			children = (
				69F821568A6B32321647D876 /* GlanceSnapshot.swift */,
				26D225EAA9835AC9FA3B2FFD /* GlanceStore.swift */,
				C6B5418349333B5043F48A8A /* GlanceText.swift */,
				F68FFC149480FD87334DDCC5 /* LocalTime.swift */,
			);
			path = Model;
			sourceTree = "<group>";
		};
		D14CBD16E5EC6F4CB0038028 /* Widgets */ = {
			isa = PBXGroup;
			children = (
				5D3BA6890DA9799C8DA12898 /* DaynoteWidgets.entitlements */,
				0E07405296074A17D71B7CDC /* DaynoteWidgets.swift */,
				A4348E41839C729A0AA83534 /* Info.plist */,
				31B1209E9F7A5663B61E61B0 /* Resources */,
			);
			path = Widgets;
			sourceTree = "<group>";
		};
		DB0EC3240988663D007BBEC1 /* Previews */ = {
			isa = PBXGroup;
			children = (
				284B229D54EFD966FDD2DFA1 /* main.swift */,
			);
			path = Previews;
			sourceTree = "<group>";
		};
		E321A8D5A817791A6EF9F7C2 = {
			isa = PBXGroup;
			children = (
				981322800B4B14B6B2720D35 /* Bridge */,
				9CA4C28DAD2F76FC1AE401AF /* mac-widgets */,
				34C23BF900A6CBC9122D7123 /* native */,
				DB0EC3240988663D007BBEC1 /* Previews */,
				E82586BEEB1725FA27D03DF3 /* Shared */,
				D14CBD16E5EC6F4CB0038028 /* Widgets */,
				5D8C7170E5A950106C801CAD /* Frameworks */,
				343E844F546C0B63B33F9C8B /* Products */,
			);
			sourceTree = "<group>";
		};
		E82586BEEB1725FA27D03DF3 /* Shared */ = {
			isa = PBXGroup;
			children = (
				69DB7DC44CFBC7F80DFA7CFC /* Theme.swift */,
				C753BEDEBA369A49DF289E73 /* WidgetViews.swift */,
			);
			path = Shared;
			sourceTree = "<group>";
		};
		FC081311433155CA5F1AD95C /* apple */ = {
			isa = PBXGroup;
			children = (
				3443D4B0364921283571399C /* Shared */,
			);
			path = apple;
			sourceTree = "<group>";
		};
/* End PBXGroup section */

/* Begin PBXNativeTarget section */
		88F1E93CCDD68222F5DCC399 /* DaynoteWidgets */ = {
			isa = PBXNativeTarget;
			buildConfigurationList = 50A0DCBC56A9A12112A456F8 /* Build configuration list for PBXNativeTarget "DaynoteWidgets" */;
			buildPhases = (
				8295BAB9CA766AC78C859A2C /* Sources */,
				A526FE308C07411EDA158888 /* Resources */,
				2B4EAAFE96D0093E6FE592C9 /* Frameworks */,
			);
			buildRules = (
			);
			dependencies = (
			);
			name = DaynoteWidgets;
			packageProductDependencies = (
			);
			productName = DaynoteWidgets;
			productReference = 1385EA91DC3DD5140ABD070C /* DaynoteWidgets.appex */;
			productType = "com.apple.product-type.app-extension";
		};
		97C3041213DD3EEFAB521111 /* DaynoteWidgetBridge */ = {
			isa = PBXNativeTarget;
			buildConfigurationList = F9ECED733706C67078C7DC6F /* Build configuration list for PBXNativeTarget "DaynoteWidgetBridge" */;
			buildPhases = (
				E253CE21395C6316A6C3B899 /* Sources */,
			);
			buildRules = (
			);
			dependencies = (
			);
			name = DaynoteWidgetBridge;
			packageProductDependencies = (
			);
			productName = DaynoteWidgetBridge;
			productReference = 85399BD811B380532583EE54 /* DaynoteWidgetBridge.dylib */;
			productType = "com.apple.product-type.library.dynamic";
		};
		DE759CE9C462AE4B07E5384F /* DaynoteWidgetPreviews */ = {
			isa = PBXNativeTarget;
			buildConfigurationList = 81438EAF360A0B60829C9F62 /* Build configuration list for PBXNativeTarget "DaynoteWidgetPreviews" */;
			buildPhases = (
				4C87AC32975C7BF60B2A0ED5 /* Sources */,
			);
			buildRules = (
			);
			dependencies = (
			);
			name = DaynoteWidgetPreviews;
			packageProductDependencies = (
			);
			productName = DaynoteWidgetPreviews;
			productReference = 8D55717E907FF3C0BBB0DB50 /* DaynoteWidgetPreviews */;
			productType = "com.apple.product-type.tool";
		};
/* End PBXNativeTarget section */

/* Begin PBXProject section */
		CA98468EA777335B6B0741D8 /* Project object */ = {
			isa = PBXProject;
			attributes = {
				BuildIndependentTargetsInParallel = YES;
				LastUpgradeCheck = 1430;
				TargetAttributes = {
					88F1E93CCDD68222F5DCC399 = {
						DevelopmentTeam = 4T8C76SP99;
					};
					97C3041213DD3EEFAB521111 = {
						DevelopmentTeam = 4T8C76SP99;
					};
					DE759CE9C462AE4B07E5384F = {
						DevelopmentTeam = 4T8C76SP99;
					};
				};
			};
			buildConfigurationList = E20FA065F164D5C462529A29 /* Build configuration list for PBXProject "DaynoteMac" */;
			developmentRegion = en;
			hasScannedForEncodings = 0;
			knownRegions = (
				Base,
				en,
			);
			mainGroup = E321A8D5A817791A6EF9F7C2;
			minimizedProjectReferenceProxies = 1;
			preferredProjectObjectVersion = 77;
			productRefGroup = 343E844F546C0B63B33F9C8B /* Products */;
			projectDirPath = "";
			projectRoot = "";
			targets = (
				88F1E93CCDD68222F5DCC399 /* DaynoteWidgets */,
				97C3041213DD3EEFAB521111 /* DaynoteWidgetBridge */,
				DE759CE9C462AE4B07E5384F /* DaynoteWidgetPreviews */,
			);
		};
/* End PBXProject section */

/* Begin PBXResourcesBuildPhase section */
		A526FE308C07411EDA158888 /* Resources */ = {
			isa = PBXResourcesBuildPhase;
			buildActionMask = 2147483647;
			files = (
				CB91569866C1013F5EE17937 /* Fonts in Resources */,
				FE53E4069146079DCCCF5759 /* daynote-symbol.png in Resources */,
			);
			runOnlyForDeploymentPostprocessing = 0;
		};
/* End PBXResourcesBuildPhase section */

/* Begin PBXSourcesBuildPhase section */
		4C87AC32975C7BF60B2A0ED5 /* Sources */ = {
			isa = PBXSourcesBuildPhase;
			buildActionMask = 2147483647;
			files = (
				848D3133493D1F68306987AA /* GlanceSnapshot.swift in Sources */,
				0A5B9B670EA187B4E8792887 /* GlanceStore.swift in Sources */,
				FF61577E2DD675BF58097782 /* GlanceText.swift in Sources */,
				8C401D5226D9C6C7C5244A31 /* LocalTime.swift in Sources */,
				DACA2032E37B67E9C138F227 /* Theme.swift in Sources */,
				3BFA5C5A32F3633D130C4419 /* WidgetViews.swift in Sources */,
				B110714BC65071D8A10083E6 /* main.swift in Sources */,
			);
			runOnlyForDeploymentPostprocessing = 0;
		};
		8295BAB9CA766AC78C859A2C /* Sources */ = {
			isa = PBXSourcesBuildPhase;
			buildActionMask = 2147483647;
			files = (
				C721E937885AA9C1C295406F /* DaynoteWidgets.swift in Sources */,
				348B10ED39AE4BF1AD5FAC5D /* GlanceSnapshot.swift in Sources */,
				0B43DD727637CC380E13BFA2 /* GlanceStore.swift in Sources */,
				ADD86D7A2662990A94EF4C5D /* GlanceText.swift in Sources */,
				3D8B26A264D26216C3E9D62D /* LocalTime.swift in Sources */,
				BFFA4426988D1561CADDEA64 /* Theme.swift in Sources */,
				F8DAE62B04F10BBB85A09F48 /* WidgetViews.swift in Sources */,
			);
			runOnlyForDeploymentPostprocessing = 0;
		};
		E253CE21395C6316A6C3B899 /* Sources */ = {
			isa = PBXSourcesBuildPhase;
			buildActionMask = 2147483647;
			files = (
				3AD91C66129C9D57D61739A1 /* WidgetBridge.swift in Sources */,
			);
			runOnlyForDeploymentPostprocessing = 0;
		};
/* End PBXSourcesBuildPhase section */

/* Begin XCBuildConfiguration section */
		3833859028A7A8A8584D8DE4 /* Debug */ = {
			isa = XCBuildConfiguration;
			buildSettings = {
				COMBINE_HIDPI_IMAGES = YES;
				LD_RUNPATH_SEARCH_PATHS = (
					"$(inherited)",
					"@executable_path/../Frameworks",
				);
				PRODUCT_BUNDLE_IDENTIFIER = cc.arachat.daynote.DaynoteWidgetPreviews;
				PRODUCT_NAME = DaynoteWidgetPreviews;
				SDKROOT = macosx;
			};
			name = Debug;
		};
		44A24A16EC416C15728995E9 /* Debug */ = {
			isa = XCBuildConfiguration;
			buildSettings = {
				ALWAYS_SEARCH_USER_PATHS = NO;
				CLANG_ANALYZER_NONNULL = YES;
				CLANG_ANALYZER_NUMBER_OBJECT_CONVERSION = YES_AGGRESSIVE;
				CLANG_CXX_LANGUAGE_STANDARD = "gnu++14";
				CLANG_CXX_LIBRARY = "libc++";
				CLANG_ENABLE_MODULES = YES;
				CLANG_ENABLE_OBJC_ARC = YES;
				CLANG_ENABLE_OBJC_WEAK = YES;
				CLANG_WARN_BLOCK_CAPTURE_AUTORELEASING = YES;
				CLANG_WARN_BOOL_CONVERSION = YES;
				CLANG_WARN_COMMA = YES;
				CLANG_WARN_CONSTANT_CONVERSION = YES;
				CLANG_WARN_DEPRECATED_OBJC_IMPLEMENTATIONS = YES;
				CLANG_WARN_DIRECT_OBJC_ISA_USAGE = YES_ERROR;
				CLANG_WARN_DOCUMENTATION_COMMENTS = YES;
				CLANG_WARN_EMPTY_BODY = YES;
				CLANG_WARN_ENUM_CONVERSION = YES;
				CLANG_WARN_INFINITE_RECURSION = YES;
				CLANG_WARN_INT_CONVERSION = YES;
				CLANG_WARN_NON_LITERAL_NULL_CONVERSION = YES;
				CLANG_WARN_OBJC_IMPLICIT_RETAIN_SELF = YES;
				CLANG_WARN_OBJC_LITERAL_CONVERSION = YES;
				CLANG_WARN_OBJC_ROOT_CLASS = YES_ERROR;
				CLANG_WARN_QUOTED_INCLUDE_IN_FRAMEWORK_HEADER = YES;
				CLANG_WARN_RANGE_LOOP_ANALYSIS = YES;
				CLANG_WARN_STRICT_PROTOTYPES = YES;
				CLANG_WARN_SUSPICIOUS_MOVE = YES;
				CLANG_WARN_UNGUARDED_AVAILABILITY = YES_AGGRESSIVE;
				CLANG_WARN_UNREACHABLE_CODE = YES;
				CLANG_WARN__DUPLICATE_METHOD_MATCH = YES;
				CODE_SIGNING_ALLOWED = NO;
				CODE_SIGN_IDENTITY = "";
				COPY_PHASE_STRIP = NO;
				CURRENT_PROJECT_VERSION = 1.5.0;
				DAYNOTE_APP_GROUP = 4T8C76SP99.group.cc.arachat.daynote;
				DEBUG_INFORMATION_FORMAT = dwarf;
				DEVELOPMENT_TEAM = 4T8C76SP99;
				ENABLE_HARDENED_RUNTIME = YES;
				ENABLE_STRICT_OBJC_MSGSEND = YES;
				ENABLE_TESTABILITY = YES;
				GCC_C_LANGUAGE_STANDARD = gnu11;
				GCC_DYNAMIC_NO_PIC = NO;
				GCC_NO_COMMON_BLOCKS = YES;
				GCC_OPTIMIZATION_LEVEL = 0;
				GCC_PREPROCESSOR_DEFINITIONS = (
					"$(inherited)",
					"DEBUG=1",
				);
				GCC_WARN_64_TO_32_BIT_CONVERSION = YES;
				GCC_WARN_ABOUT_RETURN_TYPE = YES_ERROR;
				GCC_WARN_UNDECLARED_SELECTOR = YES;
				GCC_WARN_UNINITIALIZED_AUTOS = YES_AGGRESSIVE;
				GCC_WARN_UNUSED_FUNCTION = YES;
				GCC_WARN_UNUSED_VARIABLE = YES;
				MACOSX_DEPLOYMENT_TARGET = 14.0;
				MARKETING_VERSION = 1.5.0;
				MTL_ENABLE_DEBUG_INFO = INCLUDE_SOURCE;
				MTL_FAST_MATH = YES;
				ONLY_ACTIVE_ARCH = YES;
				PRODUCT_NAME = "$(TARGET_NAME)";
				SDKROOT = macosx;
				SWIFT_ACTIVE_COMPILATION_CONDITIONS = DEBUG;
				SWIFT_OPTIMIZATION_LEVEL = "-Onone";
				SWIFT_VERSION = 5.0;
			};
			name = Debug;
		};
		4F62ACDC389D8C51F8AFA8F4 /* Debug */ = {
			isa = XCBuildConfiguration;
			buildSettings = {
				CODE_SIGN_ENTITLEMENTS = Widgets/DaynoteWidgets.entitlements;
				COMBINE_HIDPI_IMAGES = YES;
				GENERATE_INFOPLIST_FILE = NO;
				INFOPLIST_FILE = Widgets/Info.plist;
				LD_RUNPATH_SEARCH_PATHS = (
					"$(inherited)",
					"@executable_path/../Frameworks",
					"@executable_path/../../../../Frameworks",
				);
				PRODUCT_BUNDLE_IDENTIFIER = cc.arachat.daynote.mac.widgets;
				PRODUCT_NAME = DaynoteWidgets;
				SDKROOT = macosx;
				SKIP_INSTALL = YES;
			};
			name = Debug;
		};
		508DCCCF455791D82F339F60 /* Release */ = {
			isa = XCBuildConfiguration;
			buildSettings = {
				COMBINE_HIDPI_IMAGES = YES;
				LD_RUNPATH_SEARCH_PATHS = (
					"$(inherited)",
					"@executable_path/../Frameworks",
				);
				PRODUCT_BUNDLE_IDENTIFIER = cc.arachat.daynote.DaynoteWidgetPreviews;
				PRODUCT_NAME = DaynoteWidgetPreviews;
				SDKROOT = macosx;
			};
			name = Release;
		};
		835D98C7EDDF1F82A3124B59 /* Release */ = {
			isa = XCBuildConfiguration;
			buildSettings = {
				ALWAYS_SEARCH_USER_PATHS = NO;
				CLANG_ANALYZER_NONNULL = YES;
				CLANG_ANALYZER_NUMBER_OBJECT_CONVERSION = YES_AGGRESSIVE;
				CLANG_CXX_LANGUAGE_STANDARD = "gnu++14";
				CLANG_CXX_LIBRARY = "libc++";
				CLANG_ENABLE_MODULES = YES;
				CLANG_ENABLE_OBJC_ARC = YES;
				CLANG_ENABLE_OBJC_WEAK = YES;
				CLANG_WARN_BLOCK_CAPTURE_AUTORELEASING = YES;
				CLANG_WARN_BOOL_CONVERSION = YES;
				CLANG_WARN_COMMA = YES;
				CLANG_WARN_CONSTANT_CONVERSION = YES;
				CLANG_WARN_DEPRECATED_OBJC_IMPLEMENTATIONS = YES;
				CLANG_WARN_DIRECT_OBJC_ISA_USAGE = YES_ERROR;
				CLANG_WARN_DOCUMENTATION_COMMENTS = YES;
				CLANG_WARN_EMPTY_BODY = YES;
				CLANG_WARN_ENUM_CONVERSION = YES;
				CLANG_WARN_INFINITE_RECURSION = YES;
				CLANG_WARN_INT_CONVERSION = YES;
				CLANG_WARN_NON_LITERAL_NULL_CONVERSION = YES;
				CLANG_WARN_OBJC_IMPLICIT_RETAIN_SELF = YES;
				CLANG_WARN_OBJC_LITERAL_CONVERSION = YES;
				CLANG_WARN_OBJC_ROOT_CLASS = YES_ERROR;
				CLANG_WARN_QUOTED_INCLUDE_IN_FRAMEWORK_HEADER = YES;
				CLANG_WARN_RANGE_LOOP_ANALYSIS = YES;
				CLANG_WARN_STRICT_PROTOTYPES = YES;
				CLANG_WARN_SUSPICIOUS_MOVE = YES;
				CLANG_WARN_UNGUARDED_AVAILABILITY = YES_AGGRESSIVE;
				CLANG_WARN_UNREACHABLE_CODE = YES;
				CLANG_WARN__DUPLICATE_METHOD_MATCH = YES;
				CODE_SIGNING_ALLOWED = NO;
				CODE_SIGN_IDENTITY = "";
				COPY_PHASE_STRIP = NO;
				CURRENT_PROJECT_VERSION = 1.5.0;
				DAYNOTE_APP_GROUP = 4T8C76SP99.group.cc.arachat.daynote;
				DEBUG_INFORMATION_FORMAT = "dwarf-with-dsym";
				DEVELOPMENT_TEAM = 4T8C76SP99;
				ENABLE_HARDENED_RUNTIME = YES;
				ENABLE_NS_ASSERTIONS = NO;
				ENABLE_STRICT_OBJC_MSGSEND = YES;
				GCC_C_LANGUAGE_STANDARD = gnu11;
				GCC_NO_COMMON_BLOCKS = YES;
				GCC_WARN_64_TO_32_BIT_CONVERSION = YES;
				GCC_WARN_ABOUT_RETURN_TYPE = YES_ERROR;
				GCC_WARN_UNDECLARED_SELECTOR = YES;
				GCC_WARN_UNINITIALIZED_AUTOS = YES_AGGRESSIVE;
				GCC_WARN_UNUSED_FUNCTION = YES;
				GCC_WARN_UNUSED_VARIABLE = YES;
				MACOSX_DEPLOYMENT_TARGET = 14.0;
				MARKETING_VERSION = 1.5.0;
				MTL_ENABLE_DEBUG_INFO = NO;
				MTL_FAST_MATH = YES;
				PRODUCT_NAME = "$(TARGET_NAME)";
				SDKROOT = macosx;
				SWIFT_COMPILATION_MODE = wholemodule;
				SWIFT_OPTIMIZATION_LEVEL = "-O";
				SWIFT_VERSION = 5.0;
			};
			name = Release;
		};
		86A913403C322070B7FE0AFE /* Release */ = {
			isa = XCBuildConfiguration;
			buildSettings = {
				CODE_SIGN_ENTITLEMENTS = Widgets/DaynoteWidgets.entitlements;
				COMBINE_HIDPI_IMAGES = YES;
				GENERATE_INFOPLIST_FILE = NO;
				INFOPLIST_FILE = Widgets/Info.plist;
				LD_RUNPATH_SEARCH_PATHS = (
					"$(inherited)",
					"@executable_path/../Frameworks",
					"@executable_path/../../../../Frameworks",
				);
				PRODUCT_BUNDLE_IDENTIFIER = cc.arachat.daynote.mac.widgets;
				PRODUCT_NAME = DaynoteWidgets;
				SDKROOT = macosx;
				SKIP_INSTALL = YES;
			};
			name = Release;
		};
		A3217C90FFD70DB71D0E1433 /* Release */ = {
			isa = XCBuildConfiguration;
			buildSettings = {
				COMBINE_HIDPI_IMAGES = YES;
				EXECUTABLE_PREFIX = lib;
				LD_DYLIB_INSTALL_NAME = "@rpath/libDaynoteWidgetBridge.dylib";
				LD_RUNPATH_SEARCH_PATHS = (
					"$(inherited)",
					"@executable_path/../Frameworks",
				);
				MACOSX_DEPLOYMENT_TARGET = 12.0;
				PRODUCT_BUNDLE_IDENTIFIER = cc.arachat.daynote.DaynoteWidgetBridge;
				PRODUCT_NAME = DaynoteWidgetBridge;
				SDKROOT = macosx;
				SKIP_INSTALL = YES;
			};
			name = Release;
		};
		D6613245DD0F151A2EBB38A2 /* Debug */ = {
			isa = XCBuildConfiguration;
			buildSettings = {
				COMBINE_HIDPI_IMAGES = YES;
				EXECUTABLE_PREFIX = lib;
				LD_DYLIB_INSTALL_NAME = "@rpath/libDaynoteWidgetBridge.dylib";
				LD_RUNPATH_SEARCH_PATHS = (
					"$(inherited)",
					"@executable_path/../Frameworks",
				);
				MACOSX_DEPLOYMENT_TARGET = 12.0;
				PRODUCT_BUNDLE_IDENTIFIER = cc.arachat.daynote.DaynoteWidgetBridge;
				PRODUCT_NAME = DaynoteWidgetBridge;
				SDKROOT = macosx;
				SKIP_INSTALL = YES;
			};
			name = Debug;
		};
/* End XCBuildConfiguration section */

/* Begin XCConfigurationList section */
		50A0DCBC56A9A12112A456F8 /* Build configuration list for PBXNativeTarget "DaynoteWidgets" */ = {
			isa = XCConfigurationList;
			buildConfigurations = (
				4F62ACDC389D8C51F8AFA8F4 /* Debug */,
				86A913403C322070B7FE0AFE /* Release */,
			);
			defaultConfigurationIsVisible = 0;
			defaultConfigurationName = Debug;
		};
		81438EAF360A0B60829C9F62 /* Build configuration list for PBXNativeTarget "DaynoteWidgetPreviews" */ = {
			isa = XCConfigurationList;
			buildConfigurations = (
				3833859028A7A8A8584D8DE4 /* Debug */,
				508DCCCF455791D82F339F60 /* Release */,
			);
			defaultConfigurationIsVisible = 0;
			defaultConfigurationName = Debug;
		};
		E20FA065F164D5C462529A29 /* Build configuration list for PBXProject "DaynoteMac" */ = {
			isa = XCConfigurationList;
			buildConfigurations = (
				44A24A16EC416C15728995E9 /* Debug */,
				835D98C7EDDF1F82A3124B59 /* Release */,
			);
			defaultConfigurationIsVisible = 0;
			defaultConfigurationName = Debug;
		};
		F9ECED733706C67078C7DC6F /* Build configuration list for PBXNativeTarget "DaynoteWidgetBridge" */ = {
			isa = XCConfigurationList;
			buildConfigurations = (
				D6613245DD0F151A2EBB38A2 /* Debug */,
				A3217C90FFD70DB71D0E1433 /* Release */,
			);
			defaultConfigurationIsVisible = 0;
			defaultConfigurationName = Debug;
		};
/* End XCConfigurationList section */
	};
	rootObject = CA98468EA777335B6B0741D8 /* Project object */;
}
